
Microsoft Visual Studio Solution File, Format Version 12.00
# Visual Studio 2012
Project("{FAE04EC0-301F-11D3-BF4B-00C04F79EFBC}") = "Music_Store", "Music_Store\Music_Store.csproj", "{74B6DE50-DB37-476A-87F5-89FAC6C47A9A}"
EndProject
Global
	GlobalSection(SolutionConfigurationPlatforms) = preSolution
		Debug|Any CPU = Debug|Any CPU
		Release|Any CPU = Release|Any CPU
	EndGlobalSection
	GlobalSection(ProjectConfigurationPlatforms) = postSolution
		{74B6DE50-DB37-476A-87F5-89FAC6C47A9A}.Debug|Any CPU.ActiveCfg = Debug|Any CPU
		{74B6DE50-DB37-476A-87F5-89FAC6C47A9A}.Debug|Any CPU.Build.0 = Debug|Any CPU
		{74B6DE50-DB37-476A-87F5-89FAC6C47A9A}.Release|Any CPU.ActiveCfg = Release|Any CPU
		{74B6DE50-DB37-476A-87F5-89FAC6C47A9A}.Release|Any CPU.Build.0 = Release|Any CPU
	EndGlobalSection
	GlobalSection(SolutionProperties) = preSolution
		HideSolutionNode = FALSE
	EndGlobalSection
EndGlobal
